
Microsoft Visual Studio Solution File, Format Version 12.00
# Visual Studio Version 16
VisualStudioVersion = 16.0.29201.188
MinimumVisualStudioVersion = 10.0.40219.1
Project("{9A19103F-16F7-4668-BE54-9A1E7A4F7556}") = "MoviesWebApp.API", "MoviesWebApp.API\MoviesWebApp.API.csproj", "{515B4D29-A638-48F5-B3C6-1A00021B69D1}"
EndProject
Project("{9A19103F-16F7-4668-BE54-9A1E7A4F7556}") = "MoviesWebApp.Infrastructure", "MoviesWebApp.Infrastructure\MoviesWebApp.Infrastructure.csproj", "{212B8E1B-117A-416A-B1AE-9ADF8D92F16A}"
EndProject
Project("{9A19103F-16F7-4668-BE54-9A1E7A4F7556}") = "MoviesWebApp.Domain", "MoviesWebApp.Domain\MoviesWebApp.Domain.csproj", "{CBD85576-BE74-4C68-86F1-4D06BE2C262D}"
EndProject
Global
	GlobalSection(SolutionConfigurationPlatforms) = preSolution
		Debug|Any CPU = Debug|Any CPU
		Release|Any CPU = Release|Any CPU
	EndGlobalSection
	GlobalSection(ProjectConfigurationPlatforms) = postSolution
		{515B4D29-A638-48F5-B3C6-1A00021B69D1}.Debug|Any CPU.ActiveCfg = Debug|Any CPU
		{515B4D29-A638-48F5-B3C6-1A00021B69D1}.Debug|Any CPU.Build.0 = Debug|Any CPU
		{515B4D29-A638-48F5-B3C6-1A00021B69D1}.Release|Any CPU.ActiveCfg = Release|Any CPU
		{515B4D29-A638-48F5-B3C6-1A00021B69D1}.Release|Any CPU.Build.0 = Release|Any CPU
		{212B8E1B-117A-416A-B1AE-9ADF8D92F16A}.Debug|Any CPU.ActiveCfg = Debug|Any CPU
		{212B8E1B-117A-416A-B1AE-9ADF8D92F16A}.Debug|Any CPU.Build.0 = Debug|Any CPU
		{212B8E1B-117A-416A-B1AE-9ADF8D92F16A}.Release|Any CPU.ActiveCfg = Release|Any CPU
		{212B8E1B-117A-416A-B1AE-9ADF8D92F16A}.Release|Any CPU.Build.0 = Release|Any CPU
		{CBD85576-BE74-4C68-86F1-4D06BE2C262D}.Debug|Any CPU.ActiveCfg = Debug|Any CPU
		{CBD85576-BE74-4C68-86F1-4D06BE2C262D}.Debug|Any CPU.Build.0 = Debug|Any CPU
		{CBD85576-BE74-4C68-86F1-4D06BE2C262D}.Release|Any CPU.ActiveCfg = Release|Any CPU
		{CBD85576-BE74-4C68-86F1-4D06BE2C262D}.Release|Any CPU.Build.0 = Release|Any CPU
	EndGlobalSection
	GlobalSection(SolutionProperties) = preSolution
		HideSolutionNode = FALSE
	EndGlobalSection
	GlobalSection(ExtensibilityGlobals) = postSolution
		SolutionGuid = {FE555ACD-0E01-49E5-A5E7-652AC0131E10}
	EndGlobalSection
EndGlobal
